// !$*UTF8*$!
{
	archiveVersion = 1;
	classes = {
	};
	objectVersion = 77;
	objects = {

/* Begin PBXBuildFile section */
		FCE3DC132FDB3DDD00BB7250 /* AppDelegate.swift in Sources */ = {isa = PBXBuildFile; fileRef = FCE3DC122FDB3DDD00BB7250 /* AppDelegate.swift */; };
		FCE3DC172FDB3DDD00BB7250 /* Main.html in Resources */ = {isa = PBXBuildFile; fileRef = FCE3DC152FDB3DDD00BB7250 /* Main.html */; };
		FCE3DC192FDB3DDD00BB7250 /* Icon.png in Resources */ = {isa = PBXBuildFile; fileRef = FCE3DC182FDB3DDD00BB7250 /* Icon.png */; };
		FCE3DC1B2FDB3DDD00BB7250 /* Style.css in Resources */ = {isa = PBXBuildFile; fileRef = FCE3DC1A2FDB3DDD00BB7250 /* Style.css */; };
		FCE3DC1D2FDB3DDD00BB7250 /* Script.js in Resources */ = {isa = PBXBuildFile; fileRef = FCE3DC1C2FDB3DDD00BB7250 /* Script.js */; };
		FCE3DC1F2FDB3DDD00BB7250 /* ViewController.swift in Sources */ = {isa = PBXBuildFile; fileRef = FCE3DC1E2FDB3DDD00BB7250 /* ViewController.swift */; };
		FCE3DC222FDB3DDD00BB7250 /* Main.storyboard in Resources */ = {isa = PBXBuildFile; fileRef = FCE3DC202FDB3DDD00BB7250 /* Main.storyboard */; };
		FCE3DC242FDB3DDE00BB7250 /* Assets.xcassets in Resources */ = {isa = PBXBuildFile; fileRef = FCE3DC232FDB3DDE00BB7250 /* Assets.xcassets */; };
		FCE3DC2B2FDB3DDE00BB7250 /* KIRA Safari Extension.appex in Embed Foundation Extensions */ = {isa = PBXBuildFile; fileRef = FCE3DC2A2FDB3DDE00BB7250 /* KIRA Safari Extension.appex */; settings = {ATTRIBUTES = (RemoveHeadersOnCopy, ); }; };
		FCE3DC302FDB3DDE00BB7250 /* SafariWebExtensionHandler.swift in Sources */ = {isa = PBXBuildFile; fileRef = FCE3DC2F2FDB3DDE00BB7250 /* SafariWebExtensionHandler.swift */; };
		FCE3DC472FDB3DDE00BB7250 /* drag-window.css in Resources */ = {isa = PBXBuildFile; fileRef = FCE3DC3C2FDB3DDE00BB7250 /* drag-window.css */; };
		FCE3DC482FDB3DDE00BB7250 /* popup.js in Resources */ = {isa = PBXBuildFile; fileRef = FCE3DC3D2FDB3DDE00BB7250 /* popup.js */; };
		FCE3DC492FDB3DDE00BB7250 /* types.js in Resources */ = {isa = PBXBuildFile; fileRef = FCE3DC3E2FDB3DDE00BB7250 /* types.js */; };
		FCE3DC4A2FDB3DDE00BB7250 /* background.js in Resources */ = {isa = PBXBuildFile; fileRef = FCE3DC3F2FDB3DDE00BB7250 /* background.js */; };
		FCE3DC4B2FDB3DDE00BB7250 /* popup.html in Resources */ = {isa = PBXBuildFile; fileRef = FCE3DC402FDB3DDE00BB7250 /* popup.html */; };
		FCE3DC4C2FDB3DDE00BB7250 /* drag-window.js in Resources */ = {isa = PBXBuildFile; fileRef = FCE3DC412FDB3DDE00BB7250 /* drag-window.js */; };
		FCE3DC4D2FDB3DDE00BB7250 /* icons in Resources */ = {isa = PBXBuildFile; fileRef = FCE3DC422FDB3DDE00BB7250 /* icons */; };
		FCE3DC4E2FDB3DDE00BB7250 /* drag-window.html in Resources */ = {isa = PBXBuildFile; fileRef = FCE3DC432FDB3DDE00BB7250 /* drag-window.html */; };
		FCE3DC4F2FDB3DDE00BB7250 /* manifest.json in Resources */ = {isa = PBXBuildFile; fileRef = FCE3DC442FDB3DDE00BB7250 /* manifest.json */; };
		FCE3DC502FDB3DDE00BB7250 /* popup.css in Resources */ = {isa = PBXBuildFile; fileRef = FCE3DC452FDB3DDE00BB7250 /* popup.css */; };
		FCE3DC512FDB3DDE00BB7250 /* content.js in Resources */ = {isa = PBXBuildFile; fileRef = FCE3DC462FDB3DDE00BB7250 /* content.js */; };
/* End PBXBuildFile section */

/* Begin PBXContainerItemProxy section */
		FCE3DC2C2FDB3DDE00BB7250 /* PBXContainerItemProxy */ = {
			isa = PBXContainerItemProxy;
			containerPortal = FCE3DC072FDB3DDD00BB7250 /* Project object */;
			proxyType = 1;
			remoteGlobalIDString = FCE3DC292FDB3DDE00BB7250;
			remoteInfo = "KIRA Safari Extension";
		};
/* End PBXContainerItemProxy section */

/* Begin PBXCopyFilesBuildPhase section */
		FCE3DC372FDB3DDE00BB7250 /* Embed Foundation Extensions */ = {
			isa = PBXCopyFilesBuildPhase;
			buildActionMask = 2147483647;
			dstPath = "";
			dstSubfolderSpec = 13;
			files = (
				FCE3DC2B2FDB3DDE00BB7250 /* KIRA Safari Extension.appex in Embed Foundation Extensions */,
			);
			name = "Embed Foundation Extensions";
			runOnlyForDeploymentPostprocessing = 0;
		};
/* End PBXCopyFilesBuildPhase section */

/* Begin PBXFileReference section */
		FCE3DC0F2FDB3DDD00BB7250 /* KIRA Safari.app */ = {isa = PBXFileReference; explicitFileType = wrapper.application; includeInIndex = 0; path = "KIRA Safari.app"; sourceTree = BUILT_PRODUCTS_DIR; };
		FCE3DC122FDB3DDD00BB7250 /* AppDelegate.swift */ = {isa = PBXFileReference; lastKnownFileType = sourcecode.swift; path = AppDelegate.swift; sourceTree = "<group>"; };
		FCE3DC162FDB3DDD00BB7250 /* Base */ = {isa = PBXFileReference; lastKnownFileType = text.html; name = Base; path = Base.lproj/Main.html; sourceTree = "<group>"; };
		FCE3DC182FDB3DDD00BB7250 /* Icon.png */ = {isa = PBXFileReference; lastKnownFileType = image.png; path = Icon.png; sourceTree = "<group>"; };
		FCE3DC1A2FDB3DDD00BB7250 /* Style.css */ = {isa = PBXFileReference; lastKnownFileType = text.css; path = Style.css; sourceTree = "<group>"; };
		FCE3DC1C2FDB3DDD00BB7250 /* Script.js */ = {isa = PBXFileReference; lastKnownFileType = sourcecode.javascript; path = Script.js; sourceTree = "<group>"; };
		FCE3DC1E2FDB3DDD00BB7250 /* ViewController.swift */ = {isa = PBXFileReference; lastKnownFileType = sourcecode.swift; path = ViewController.swift; sourceTree = "<group>"; };
		FCE3DC212FDB3DDD00BB7250 /* Base */ = {isa = PBXFileReference; lastKnownFileType = file.storyboard; name = Base; path = Base.lproj/Main.storyboard; sourceTree = "<group>"; };
		FCE3DC232FDB3DDE00BB7250 /* Assets.xcassets */ = {isa = PBXFileReference; lastKnownFileType = folder.assetcatalog; path = Assets.xcassets; sourceTree = "<group>"; };
		FCE3DC252FDB3DDE00BB7250 /* Info.plist */ = {isa = PBXFileReference; lastKnownFileType = text.plist.xml; path = Info.plist; sourceTree = "<group>"; };
		FCE3DC2A2FDB3DDE00BB7250 /* KIRA Safari Extension.appex */ = {isa = PBXFileReference; explicitFileType = "wrapper.app-extension"; includeInIndex = 0; path = "KIRA Safari Extension.appex"; sourceTree = BUILT_PRODUCTS_DIR; };
		FCE3DC2F2FDB3DDE00BB7250 /* SafariWebExtensionHandler.swift */ = {isa = PBXFileReference; lastKnownFileType = sourcecode.swift; path = SafariWebExtensionHandler.swift; sourceTree = "<group>"; };
		FCE3DC312FDB3DDE00BB7250 /* Info.plist */ = {isa = PBXFileReference; lastKnownFileType = text.plist.xml; path = Info.plist; sourceTree = "<group>"; };
		FCE3DC3C2FDB3DDE00BB7250 /* drag-window.css */ = {isa = PBXFileReference; lastKnownFileType = text.css; name = "drag-window.css"; path = "Resources/drag-window.css"; sourceTree = "<group>"; };
		FCE3DC3D2FDB3DDE00BB7250 /* popup.js */ = {isa = PBXFileReference; lastKnownFileType = sourcecode.javascript; name = popup.js; path = Resources/popup.js; sourceTree = "<group>"; };
		FCE3DC3E2FDB3DDE00BB7250 /* types.js */ = {isa = PBXFileReference; lastKnownFileType = sourcecode.javascript; name = types.js; path = Resources/types.js; sourceTree = "<group>"; };
		FCE3DC3F2FDB3DDE00BB7250 /* background.js */ = {isa = PBXFileReference; lastKnownFileType = sourcecode.javascript; name = background.js; path = Resources/background.js; sourceTree = "<group>"; };
		FCE3DC402FDB3DDE00BB7250 /* popup.html */ = {isa = PBXFileReference; lastKnownFileType = text.html; name = popup.html; path = Resources/popup.html; sourceTree = "<group>"; };
		FCE3DC412FDB3DDE00BB7250 /* drag-window.js */ = {isa = PBXFileReference; lastKnownFileType = sourcecode.javascript; name = "drag-window.js"; path = "Resources/drag-window.js"; sourceTree = "<group>"; };
		FCE3DC422FDB3DDE00BB7250 /* icons */ = {isa = PBXFileReference; lastKnownFileType = folder; name = icons; path = Resources/icons; sourceTree = "<group>"; };
		FCE3DC432FDB3DDE00BB7250 /* drag-window.html */ = {isa = PBXFileReference; lastKnownFileType = text.html; name = "drag-window.html"; path = "Resources/drag-window.html"; sourceTree = "<group>"; };
		FCE3DC442FDB3DDE00BB7250 /* manifest.json */ = {isa = PBXFileReference; lastKnownFileType = text.json; name = manifest.json; path = Resources/manifest.json; sourceTree = "<group>"; };
		FCE3DC452FDB3DDE00BB7250 /* popup.css */ = {isa = PBXFileReference; lastKnownFileType = text.css; name = popup.css; path = Resources/popup.css; sourceTree = "<group>"; };
		FCE3DC462FDB3DDE00BB7250 /* content.js */ = {isa = PBXFileReference; lastKnownFileType = sourcecode.javascript; name = content.js; path = Resources/content.js; sourceTree = "<group>"; };
/* End PBXFileReference section */

/* Begin PBXFrameworksBuildPhase section */
		FCE3DC0C2FDB3DDD00BB7250 /* Frameworks */ = {
			isa = PBXFrameworksBuildPhase;
			buildActionMask = 2147483647;
			files = (
			);
			runOnlyForDeploymentPostprocessing = 0;
		};
		FCE3DC272FDB3DDE00BB7250 /* Frameworks */ = {
			isa = PBXFrameworksBuildPhase;
			buildActionMask = 2147483647;
			files = (
			);
			runOnlyForDeploymentPostprocessing = 0;
		};
/* End PBXFrameworksBuildPhase section */

/* Begin PBXGroup section */
		FCE3DC062FDB3DDD00BB7250 = {
			isa = PBXGroup;
			children = (
				FCE3DC112FDB3DDD00BB7250 /* KIRA Safari */,
				FCE3DC2E2FDB3DDE00BB7250 /* KIRA Safari Extension */,
				FCE3DC102FDB3DDD00BB7250 /* Products */,
			);
			sourceTree = "<group>";
		};
		FCE3DC102FDB3DDD00BB7250 /* Products */ = {
			isa = PBXGroup;
			children = (
				FCE3DC0F2FDB3DDD00BB7250 /* KIRA Safari.app */,
				FCE3DC2A2FDB3DDE00BB7250 /* KIRA Safari Extension.appex */,
			);
			name = Products;
			sourceTree = "<group>";
		};
		FCE3DC112FDB3DDD00BB7250 /* KIRA Safari */ = {
			isa = PBXGroup;
			children = (
				FCE3DC122FDB3DDD00BB7250 /* AppDelegate.swift */,
				FCE3DC1E2FDB3DDD00BB7250 /* ViewController.swift */,
				FCE3DC202FDB3DDD00BB7250 /* Main.storyboard */,
				FCE3DC232FDB3DDE00BB7250 /* Assets.xcassets */,
				FCE3DC252FDB3DDE00BB7250 /* Info.plist */,
				FCE3DC142FDB3DDD00BB7250 /* Resources */,
			);
			path = "KIRA Safari";
			sourceTree = "<group>";
		};
		FCE3DC142FDB3DDD00BB7250 /* Resources */ = {
			isa = PBXGroup;
			children = (
				FCE3DC152FDB3DDD00BB7250 /* Main.html */,
				FCE3DC182FDB3DDD00BB7250 /* Icon.png */,
				FCE3DC1A2FDB3DDD00BB7250 /* Style.css */,
				FCE3DC1C2FDB3DDD00BB7250 /* Script.js */,
			);
			path = Resources;
			sourceTree = "<group>";
		};
		FCE3DC2E2FDB3DDE00BB7250 /* KIRA Safari Extension */ = {
			isa = PBXGroup;
			children = (
				FCE3DC3B2FDB3DDE00BB7250 /* Resources */,
				FCE3DC2F2FDB3DDE00BB7250 /* SafariWebExtensionHandler.swift */,
				FCE3DC312FDB3DDE00BB7250 /* Info.plist */,
			);
			path = "KIRA Safari Extension";
			sourceTree = "<group>";
		};
		FCE3DC3B2FDB3DDE00BB7250 /* Resources */ = {
			isa = PBXGroup;
			children = (
				FCE3DC3C2FDB3DDE00BB7250 /* drag-window.css */,
				FCE3DC3D2FDB3DDE00BB7250 /* popup.js */,
				FCE3DC3E2FDB3DDE00BB7250 /* types.js */,
				FCE3DC3F2FDB3DDE00BB7250 /* background.js */,
				FCE3DC402FDB3DDE00BB7250 /* popup.html */,
				FCE3DC412FDB3DDE00BB7250 /* drag-window.js */,
				FCE3DC422FDB3DDE00BB7250 /* icons */,
				FCE3DC432FDB3DDE00BB7250 /* drag-window.html */,
				FCE3DC442FDB3DDE00BB7250 /* manifest.json */,
				FCE3DC452FDB3DDE00BB7250 /* popup.css */,
				FCE3DC462FDB3DDE00BB7250 /* content.js */,
			);
			name = Resources;
			path = "KIRA Safari Extension";
			sourceTree = SOURCE_ROOT;
		};
/* End PBXGroup section */

/* Begin PBXNativeTarget section */
		FCE3DC0E2FDB3DDD00BB7250 /* KIRA Safari */ = {
			isa = PBXNativeTarget;
			buildConfigurationList = FCE3DC382FDB3DDE00BB7250 /* Build configuration list for PBXNativeTarget "KIRA Safari" */;
			buildPhases = (
				FCE3DC0B2FDB3DDD00BB7250 /* Sources */,
				FCE3DC0C2FDB3DDD00BB7250 /* Frameworks */,
				FCE3DC0D2FDB3DDD00BB7250 /* Resources */,
				FCE3DC372FDB3DDE00BB7250 /* Embed Foundation Extensions */,
			);
			buildRules = (
			);
			dependencies = (
				FCE3DC2D2FDB3DDE00BB7250 /* PBXTargetDependency */,
			);
			name = "KIRA Safari";
			packageProductDependencies = (
			);
			productName = "KIRA Safari";
			productReference = FCE3DC0F2FDB3DDD00BB7250 /* KIRA Safari.app */;
			productType = "com.apple.product-type.application";
		};
		FCE3DC292FDB3DDE00BB7250 /* KIRA Safari Extension */ = {
			isa = PBXNativeTarget;
			buildConfigurationList = FCE3DC342FDB3DDE00BB7250 /* Build configuration list for PBXNativeTarget "KIRA Safari Extension" */;
			buildPhases = (
				FCE3DC262FDB3DDE00BB7250 /* Sources */,
				FCE3DC272FDB3DDE00BB7250 /* Frameworks */,
				FCE3DC282FDB3DDE00BB7250 /* Resources */,
			);
			buildRules = (
			);
			dependencies = (
			);
			name = "KIRA Safari Extension";
			packageProductDependencies = (
			);
			productName = "KIRA Safari Extension";
			productReference = FCE3DC2A2FDB3DDE00BB7250 /* KIRA Safari Extension.appex */;
			productType = "com.apple.product-type.app-extension";
		};
/* End PBXNativeTarget section */

/* Begin PBXProject section */
		FCE3DC072FDB3DDD00BB7250 /* Project object */ = {
			isa = PBXProject;
			attributes = {
				BuildIndependentTargetsInParallel = 1;
				LastSwiftUpdateCheck = 2650;
				LastUpgradeCheck = 2650;
				TargetAttributes = {
					FCE3DC0E2FDB3DDD00BB7250 = {
						CreatedOnToolsVersion = 26.5;
					};
					FCE3DC292FDB3DDE00BB7250 = {
						CreatedOnToolsVersion = 26.5;
					};
				};
			};
			buildConfigurationList = FCE3DC0A2FDB3DDD00BB7250 /* Build configuration list for PBXProject "KIRA Safari" */;
			developmentRegion = en;
			hasScannedForEncodings = 0;
			knownRegions = (
				en,
				Base,
			);
			mainGroup = FCE3DC062FDB3DDD00BB7250;
			minimizedProjectReferenceProxies = 1;
			preferredProjectObjectVersion = 77;
			productRefGroup = FCE3DC102FDB3DDD00BB7250 /* Products */;
			projectDirPath = "";
			projectRoot = "";
			targets = (
				FCE3DC0E2FDB3DDD00BB7250 /* KIRA Safari */,
				FCE3DC292FDB3DDE00BB7250 /* KIRA Safari Extension */,
			);
		};
/* End PBXProject section */

/* Begin PBXResourcesBuildPhase section */
		FCE3DC0D2FDB3DDD00BB7250 /* Resources */ = {
			isa = PBXResourcesBuildPhase;
			buildActionMask = 2147483647;
			files = (
				FCE3DC192FDB3DDD00BB7250 /* Icon.png in Resources */,
				FCE3DC222FDB3DDD00BB7250 /* Main.storyboard in Resources */,
				FCE3DC1D2FDB3DDD00BB7250 /* Script.js in Resources */,
				FCE3DC172FDB3DDD00BB7250 /* Main.html in Resources */,
				FCE3DC242FDB3DDE00BB7250 /* Assets.xcassets in Resources */,
				FCE3DC1B2FDB3DDD00BB7250 /* Style.css in Resources */,
			);
			runOnlyForDeploymentPostprocessing = 0;
		};
		FCE3DC282FDB3DDE00BB7250 /* Resources */ = {
			isa = PBXResourcesBuildPhase;
			buildActionMask = 2147483647;
			files = (
				FCE3DC502FDB3DDE00BB7250 /* popup.css in Resources */,
				FCE3DC512FDB3DDE00BB7250 /* content.js in Resources */,
				FCE3DC4A2FDB3DDE00BB7250 /* background.js in Resources */,
				FCE3DC4B2FDB3DDE00BB7250 /* popup.html in Resources */,
				FCE3DC4C2FDB3DDE00BB7250 /* drag-window.js in Resources */,
				FCE3DC472FDB3DDE00BB7250 /* drag-window.css in Resources */,
				FCE3DC4F2FDB3DDE00BB7250 /* manifest.json in Resources */,
				FCE3DC492FDB3DDE00BB7250 /* types.js in Resources */,
				FCE3DC4D2FDB3DDE00BB7250 /* icons in Resources */,
				FCE3DC4E2FDB3DDE00BB7250 /* drag-window.html in Resources */,
				FCE3DC482FDB3DDE00BB7250 /* popup.js in Resources */,
			);
			runOnlyForDeploymentPostprocessing = 0;
		};
/* End PBXResourcesBuildPhase section */

/* Begin PBXSourcesBuildPhase section */
		FCE3DC0B2FDB3DDD00BB7250 /* Sources */ = {
			isa = PBXSourcesBuildPhase;
			buildActionMask = 2147483647;
			files = (
				FCE3DC1F2FDB3DDD00BB7250 /* ViewController.swift in Sources */,
				FCE3DC132FDB3DDD00BB7250 /* AppDelegate.swift in Sources */,
			);
			runOnlyForDeploymentPostprocessing = 0;
		};
		FCE3DC262FDB3DDE00BB7250 /* Sources */ = {
			isa = PBXSourcesBuildPhase;
			buildActionMask = 2147483647;
			files = (
				FCE3DC302FDB3DDE00BB7250 /* SafariWebExtensionHandler.swift in Sources */,
			);
			runOnlyForDeploymentPostprocessing = 0;
		};
/* End PBXSourcesBuildPhase section */

/* Begin PBXTargetDependency section */
		FCE3DC2D2FDB3DDE00BB7250 /* PBXTargetDependency */ = {
			isa = PBXTargetDependency;
			target = FCE3DC292FDB3DDE00BB7250 /* KIRA Safari Extension */;
			targetProxy = FCE3DC2C2FDB3DDE00BB7250 /* PBXContainerItemProxy */;
		};
/* End PBXTargetDependency section */

/* Begin PBXVariantGroup section */
		FCE3DC152FDB3DDD00BB7250 /* Main.html */ = {
			isa = PBXVariantGroup;
			children = (
				FCE3DC162FDB3DDD00BB7250 /* Base */,
			);
			name = Main.html;
			sourceTree = "<group>";
		};
		FCE3DC202FDB3DDD00BB7250 /* Main.storyboard */ = {
			isa = PBXVariantGroup;
			children = (
				FCE3DC212FDB3DDD00BB7250 /* Base */,
			);
			name = Main.storyboard;
			sourceTree = "<group>";
		};
/* End PBXVariantGroup section */

/* Begin XCBuildConfiguration section */
		FCE3DC322FDB3DDE00BB7250 /* Debug */ = {
			isa = XCBuildConfiguration;
			buildSettings = {
				ALWAYS_SEARCH_USER_PATHS = NO;
				ASSETCATALOG_COMPILER_GENERATE_SWIFT_ASSET_SYMBOL_EXTENSIONS = YES;
				CLANG_ANALYZER_NONNULL = YES;
				CLANG_ANALYZER_NUMBER_OBJECT_CONVERSION = YES_AGGRESSIVE;
				CLANG_CXX_LANGUAGE_STANDARD = "gnu++20";
				CLANG_ENABLE_MODULES = YES;
				CLANG_ENABLE_OBJC_ARC = YES;
				CLANG_ENABLE_OBJC_WEAK = YES;
				CLANG_WARN_BLOCK_CAPTURE_AUTORELEASING = YES;
				CLANG_WARN_BOOL_CONVERSION = YES;
				CLANG_WARN_COMMA = YES;
				CLANG_WARN_CONSTANT_CONVERSION = YES;
				CLANG_WARN_DEPRECATED_OBJC_IMPLEMENTATIONS = YES;
				CLANG_WARN_DIRECT_OBJC_ISA_USAGE = YES_ERROR;
				CLANG_WARN_DOCUMENTATION_COMMENTS = YES;
				CLANG_WARN_EMPTY_BODY = YES;
				CLANG_WARN_ENUM_CONVERSION = YES;
				CLANG_WARN_INFINITE_RECURSION = YES;
				CLANG_WARN_INT_CONVERSION = YES;
				CLANG_WARN_NON_LITERAL_NULL_CONVERSION = YES;
				CLANG_WARN_OBJC_IMPLICIT_RETAIN_SELF = YES;
				CLANG_WARN_OBJC_LITERAL_CONVERSION = YES;
				CLANG_WARN_OBJC_ROOT_CLASS = YES_ERROR;
				CLANG_WARN_QUOTED_INCLUDE_IN_FRAMEWORK_HEADER = YES;
				CLANG_WARN_RANGE_LOOP_ANALYSIS = YES;
				CLANG_WARN_STRICT_PROTOTYPES = YES;
				CLANG_WARN_SUSPICIOUS_MOVE = YES;
				CLANG_WARN_UNGUARDED_AVAILABILITY = YES_AGGRESSIVE;
				CLANG_WARN_UNREACHABLE_CODE = YES;
				CLANG_WARN__DUPLICATE_METHOD_MATCH = YES;
				COPY_PHASE_STRIP = NO;
				DEBUG_INFORMATION_FORMAT = dwarf;
				ENABLE_STRICT_OBJC_MSGSEND = YES;
				ENABLE_TESTABILITY = YES;
				ENABLE_USER_SCRIPT_SANDBOXING = YES;
				GCC_C_LANGUAGE_STANDARD = gnu17;
				GCC_DYNAMIC_NO_PIC = NO;
				GCC_NO_COMMON_BLOCKS = YES;
				GCC_OPTIMIZATION_LEVEL = 0;
				GCC_PREPROCESSOR_DEFINITIONS = (
					"DEBUG=1",
					"$(inherited)",
				);
				GCC_WARN_64_TO_32_BIT_CONVERSION = YES;
				GCC_WARN_ABOUT_RETURN_TYPE = YES_ERROR;
				GCC_WARN_UNDECLARED_SELECTOR = YES;
				GCC_WARN_UNINITIALIZED_AUTOS = YES_AGGRESSIVE;
				GCC_WARN_UNUSED_FUNCTION = YES;
				GCC_WARN_UNUSED_VARIABLE = YES;
				LOCALIZATION_PREFERS_STRING_CATALOGS = YES;
				MACOSX_DEPLOYMENT_TARGET = 26.5;
				MTL_ENABLE_DEBUG_INFO = INCLUDE_SOURCE;
				MTL_FAST_MATH = YES;
				ONLY_ACTIVE_ARCH = YES;
				SDKROOT = macosx;
				SWIFT_ACTIVE_COMPILATION_CONDITIONS = "DEBUG $(inherited)";
				SWIFT_OPTIMIZATION_LEVEL = "-Onone";
			};
			name = Debug;
		};
		FCE3DC332FDB3DDE00BB7250 /* Release */ = {
			isa = XCBuildConfiguration;
			buildSettings = {
				ALWAYS_SEARCH_USER_PATHS = NO;
				ASSETCATALOG_COMPILER_GENERATE_SWIFT_ASSET_SYMBOL_EXTENSIONS = YES;
				CLANG_ANALYZER_NONNULL = YES;
				CLANG_ANALYZER_NUMBER_OBJECT_CONVERSION = YES_AGGRESSIVE;
				CLANG_CXX_LANGUAGE_STANDARD = "gnu++20";
				CLANG_ENABLE_MODULES = YES;
				CLANG_ENABLE_OBJC_ARC = YES;
				CLANG_ENABLE_OBJC_WEAK = YES;
				CLANG_WARN_BLOCK_CAPTURE_AUTORELEASING = YES;
				CLANG_WARN_BOOL_CONVERSION = YES;
				CLANG_WARN_COMMA = YES;
				CLANG_WARN_CONSTANT_CONVERSION = YES;
				CLANG_WARN_DEPRECATED_OBJC_IMPLEMENTATIONS = YES;
				CLANG_WARN_DIRECT_OBJC_ISA_USAGE = YES_ERROR;
				CLANG_WARN_DOCUMENTATION_COMMENTS = YES;
				CLANG_WARN_EMPTY_BODY = YES;
				CLANG_WARN_ENUM_CONVERSION = YES;
				CLANG_WARN_INFINITE_RECURSION = YES;
				CLANG_WARN_INT_CONVERSION = YES;
				CLANG_WARN_NON_LITERAL_NULL_CONVERSION = YES;
				CLANG_WARN_OBJC_IMPLICIT_RETAIN_SELF = YES;
				CLANG_WARN_OBJC_LITERAL_CONVERSION = YES;
				CLANG_WARN_OBJC_ROOT_CLASS = YES_ERROR;
				CLANG_WARN_QUOTED_INCLUDE_IN_FRAMEWORK_HEADER = YES;
				CLANG_WARN_RANGE_LOOP_ANALYSIS = YES;
				CLANG_WARN_STRICT_PROTOTYPES = YES;
				CLANG_WARN_SUSPICIOUS_MOVE = YES;
				CLANG_WARN_UNGUARDED_AVAILABILITY = YES_AGGRESSIVE;
				CLANG_WARN_UNREACHABLE_CODE = YES;
				CLANG_WARN__DUPLICATE_METHOD_MATCH = YES;
				COPY_PHASE_STRIP = NO;
				DEBUG_INFORMATION_FORMAT = "dwarf-with-dsym";
				ENABLE_NS_ASSERTIONS = NO;
				ENABLE_STRICT_OBJC_MSGSEND = YES;
				ENABLE_USER_SCRIPT_SANDBOXING = YES;
				GCC_C_LANGUAGE_STANDARD = gnu17;
				GCC_NO_COMMON_BLOCKS = YES;
				GCC_WARN_64_TO_32_BIT_CONVERSION = YES;
				GCC_WARN_ABOUT_RETURN_TYPE = YES_ERROR;
				GCC_WARN_UNDECLARED_SELECTOR = YES;
				GCC_WARN_UNINITIALIZED_AUTOS = YES_AGGRESSIVE;
				GCC_WARN_UNUSED_FUNCTION = YES;
				GCC_WARN_UNUSED_VARIABLE = YES;
				LOCALIZATION_PREFERS_STRING_CATALOGS = YES;
				MACOSX_DEPLOYMENT_TARGET = 26.5;
				MTL_ENABLE_DEBUG_INFO = NO;
				MTL_FAST_MATH = YES;
				SDKROOT = macosx;
				SWIFT_COMPILATION_MODE = wholemodule;
			};
			name = Release;
		};
		FCE3DC352FDB3DDE00BB7250 /* Debug */ = {
			isa = XCBuildConfiguration;
			buildSettings = {
				CODE_SIGN_STYLE = Automatic;
				CURRENT_PROJECT_VERSION = 1;
				ENABLE_APP_SANDBOX = YES;
				ENABLE_HARDENED_RUNTIME = YES;
				ENABLE_USER_SELECTED_FILES = readonly;
				GENERATE_INFOPLIST_FILE = YES;
				INFOPLIST_FILE = "KIRA Safari Extension/Info.plist";
				INFOPLIST_KEY_CFBundleDisplayName = "KIRA Safari Extension";
				INFOPLIST_KEY_NSHumanReadableCopyright = "";
				LD_RUNPATH_SEARCH_PATHS = (
					"$(inherited)",
					"@executable_path/../Frameworks",
					"@executable_path/../../../../Frameworks",
				);
				MACOSX_DEPLOYMENT_TARGET = 10.14;
				MARKETING_VERSION = 1.0;
				OTHER_LDFLAGS = (
					"-framework",
					SafariServices,
				);
				PRODUCT_BUNDLE_IDENTIFIER = app.kira.safari.Extension;
				PRODUCT_NAME = "$(TARGET_NAME)";
				SKIP_INSTALL = YES;
				STRING_CATALOG_GENERATE_SYMBOLS = YES;
				SWIFT_APPROACHABLE_CONCURRENCY = YES;
				SWIFT_EMIT_LOC_STRINGS = YES;
				SWIFT_UPCOMING_FEATURE_MEMBER_IMPORT_VISIBILITY = YES;
				SWIFT_VERSION = 5.0;
			};
			name = Debug;
		};
		FCE3DC362FDB3DDE00BB7250 /* Release */ = {
			isa = XCBuildConfiguration;
			buildSettings = {
				CODE_SIGN_STYLE = Automatic;
				CURRENT_PROJECT_VERSION = 1;
				ENABLE_APP_SANDBOX = YES;
				ENABLE_HARDENED_RUNTIME = YES;
				ENABLE_USER_SELECTED_FILES = readonly;
				GENERATE_INFOPLIST_FILE = YES;
				INFOPLIST_FILE = "KIRA Safari Extension/Info.plist";
				INFOPLIST_KEY_CFBundleDisplayName = "KIRA Safari Extension";
				INFOPLIST_KEY_NSHumanReadableCopyright = "";
				LD_RUNPATH_SEARCH_PATHS = (
					"$(inherited)",
					"@executable_path/../Frameworks",
					"@executable_path/../../../../Frameworks",
				);
				MACOSX_DEPLOYMENT_TARGET = 10.14;
				MARKETING_VERSION = 1.0;
				OTHER_LDFLAGS = (
					"-framework",
					SafariServices,
				);
				PRODUCT_BUNDLE_IDENTIFIER = app.kira.safari.Extension;
				PRODUCT_NAME = "$(TARGET_NAME)";
				SKIP_INSTALL = YES;
				STRING_CATALOG_GENERATE_SYMBOLS = YES;
				SWIFT_APPROACHABLE_CONCURRENCY = YES;
				SWIFT_EMIT_LOC_STRINGS = YES;
				SWIFT_UPCOMING_FEATURE_MEMBER_IMPORT_VISIBILITY = YES;
				SWIFT_VERSION = 5.0;
			};
			name = Release;
		};
		FCE3DC392FDB3DDE00BB7250 /* Debug */ = {
			isa = XCBuildConfiguration;
			buildSettings = {
				ASSETCATALOG_COMPILER_APPICON_NAME = AppIcon;
				ASSETCATALOG_COMPILER_GLOBAL_ACCENT_COLOR_NAME = AccentColor;
				CODE_SIGN_STYLE = Automatic;
				COMBINE_HIDPI_IMAGES = YES;
				CURRENT_PROJECT_VERSION = 1;
				ENABLE_APP_SANDBOX = YES;
				ENABLE_HARDENED_RUNTIME = YES;
				ENABLE_OUTGOING_NETWORK_CONNECTIONS = YES;
				ENABLE_USER_SELECTED_FILES = readonly;
				GENERATE_INFOPLIST_FILE = YES;
				INFOPLIST_FILE = "KIRA Safari/Info.plist";
				INFOPLIST_KEY_CFBundleDisplayName = "KIRA Safari";
				INFOPLIST_KEY_NSHumanReadableCopyright = "";
				INFOPLIST_KEY_NSMainStoryboardFile = Main;
				INFOPLIST_KEY_NSPrincipalClass = NSApplication;
				LD_RUNPATH_SEARCH_PATHS = (
					"$(inherited)",
					"@executable_path/../Frameworks",
				);
				MARKETING_VERSION = 1.0;
				OTHER_LDFLAGS = (
					"-framework",
					SafariServices,
					"-framework",
					WebKit,
				);
				PRODUCT_BUNDLE_IDENTIFIER = app.kira.safari;
				PRODUCT_NAME = "$(TARGET_NAME)";
				REGISTER_APP_GROUPS = YES;
				STRING_CATALOG_GENERATE_SYMBOLS = YES;
				SWIFT_APPROACHABLE_CONCURRENCY = YES;
				SWIFT_DEFAULT_ACTOR_ISOLATION = MainActor;
				SWIFT_EMIT_LOC_STRINGS = YES;
				SWIFT_UPCOMING_FEATURE_MEMBER_IMPORT_VISIBILITY = YES;
				SWIFT_VERSION = 5.0;
			};
			name = Debug;
		};
		FCE3DC3A2FDB3DDE00BB7250 /* Release */ = {
			isa = XCBuildConfiguration;
			buildSettings = {
				ASSETCATALOG_COMPILER_APPICON_NAME = AppIcon;
				ASSETCATALOG_COMPILER_GLOBAL_ACCENT_COLOR_NAME = AccentColor;
				CODE_SIGN_STYLE = Automatic;
				COMBINE_HIDPI_IMAGES = YES;
				CURRENT_PROJECT_VERSION = 1;
				ENABLE_APP_SANDBOX = YES;
				ENABLE_HARDENED_RUNTIME = YES;
				ENABLE_OUTGOING_NETWORK_CONNECTIONS = YES;
				ENABLE_USER_SELECTED_FILES = readonly;
				GENERATE_INFOPLIST_FILE = YES;
				INFOPLIST_FILE = "KIRA Safari/Info.plist";
				INFOPLIST_KEY_CFBundleDisplayName = "KIRA Safari";
				INFOPLIST_KEY_NSHumanReadableCopyright = "";
				INFOPLIST_KEY_NSMainStoryboardFile = Main;
				INFOPLIST_KEY_NSPrincipalClass = NSApplication;
				LD_RUNPATH_SEARCH_PATHS = (
					"$(inherited)",
					"@executable_path/../Frameworks",
				);
				MARKETING_VERSION = 1.0;
				OTHER_LDFLAGS = (
					"-framework",
					SafariServices,
					"-framework",
					WebKit,
				);
				PRODUCT_BUNDLE_IDENTIFIER = app.kira.safari;
				PRODUCT_NAME = "$(TARGET_NAME)";
				REGISTER_APP_GROUPS = YES;
				STRING_CATALOG_GENERATE_SYMBOLS = YES;
				SWIFT_APPROACHABLE_CONCURRENCY = YES;
				SWIFT_DEFAULT_ACTOR_ISOLATION = MainActor;
				SWIFT_EMIT_LOC_STRINGS = YES;
				SWIFT_UPCOMING_FEATURE_MEMBER_IMPORT_VISIBILITY = YES;
				SWIFT_VERSION = 5.0;
			};
			name = Release;
		};
/* End XCBuildConfiguration section */

/* Begin XCConfigurationList section */
		FCE3DC0A2FDB3DDD00BB7250 /* Build configuration list for PBXProject "KIRA Safari" */ = {
			isa = XCConfigurationList;
			buildConfigurations = (
				FCE3DC322FDB3DDE00BB7250 /* Debug */,
				FCE3DC332FDB3DDE00BB7250 /* Release */,
			);
			defaultConfigurationIsVisible = 0;
			defaultConfigurationName = Release;
		};
		FCE3DC342FDB3DDE00BB7250 /* Build configuration list for PBXNativeTarget "KIRA Safari Extension" */ = {
			isa = XCConfigurationList;
			buildConfigurations = (
				FCE3DC352FDB3DDE00BB7250 /* Debug */,
				FCE3DC362FDB3DDE00BB7250 /* Release */,
			);
			defaultConfigurationIsVisible = 0;
			defaultConfigurationName = Release;
		};
		FCE3DC382FDB3DDE00BB7250 /* Build configuration list for PBXNativeTarget "KIRA Safari" */ = {
			isa = XCConfigurationList;
			buildConfigurations = (
				FCE3DC392FDB3DDE00BB7250 /* Debug */,
				FCE3DC3A2FDB3DDE00BB7250 /* Release */,
			);
			defaultConfigurationIsVisible = 0;
			defaultConfigurationName = Release;
		};
/* End XCConfigurationList section */
	};
	rootObject = FCE3DC072FDB3DDD00BB7250 /* Project object */;
}
